{
  "name": "edgeworkers-comments",
  "version": "1.0.0",
  "lockfileVersion": 3,
  "requires": true,
  "packages": {
    "": {
      "name": "edgeworkers-comments",
      "version": "1.0.0",
      "license": "ISC",
      "dependencies": {
        "@types/akamai-edgeworkers": "^1.1.17"
      }
    },
    "node_modules/@types/akamai-edgeworkers": {
      "version": "1.1.17",
      "resolved": "https://registry.npmjs.org/@types/akamai-edgeworkers/-/akamai-edgeworkers-1.1.17.tgz",
      "integrity": "sha512-A/jDuZqsaOde66cwRwUG3IxhsuljpwYkXmhq+TAYYgXP8HEAFTCHNdcArJ/slHHC2iklbYxRhSFp1BIG+8aklw==",
      "license": "MIT"
    }
  }
}
